
Microsoft Visual Studio Solution File, Format Version 12.00
# Visual Studio Version 17
VisualStudioVersion = 17.8.34330.188
MinimumVisualStudioVersion = 10.0.40219.1
Project("{2150E333-8FDC-42A3-9474-1A3956D46DE8}") = "src", "src", "{7258D355-0B9D-458B-9D28-6D5E31D5FC44}"
EndProject
Project("{2150E333-8FDC-42A3-9474-1A3956D46DE8}") = "Core", "Core", "{B96AB86E-07F8-4354-AC20-C9BB54689C10}"
EndProject
Project("{9A19103F-16F7-4668-BE54-9A1E7A4F7556}") = "API.Domain", "src\Core\API.Domain\API.Domain.csproj", "{453DFDF7-E5DD-472D-958F-06A37D6AAE8D}"
EndProject
Project("{2150E333-8FDC-42A3-9474-1A3956D46DE8}") = "Infrastructure", "Infrastructure", "{EE583A3E-90E5-4E0B-84AA-413548543B59}"
EndProject
Project("{9A19103F-16F7-4668-BE54-9A1E7A4F7556}") = "API.Persistence", "src\Infrastructure\API.Persistence\API.Persistence.csproj", "{6BFA8BDC-D470-4458-AB37-E72415A7F0C0}"
EndProject
Project("{2150E333-8FDC-42A3-9474-1A3956D46DE8}") = "Presentation", "Presentation", "{41E13CAF-42EA-49CE-ADE1-9847E74DE4E6}"
EndProject
Project("{9A19103F-16F7-4668-BE54-9A1E7A4F7556}") = "API.WebAPI", "src\Presentation\API.WebAPI\API.WebAPI.csproj", "{1FFA5502-1516-47A3-8E7E-F52693FCA5AE}"
EndProject
Project("{2150E333-8FDC-42A3-9474-1A3956D46DE8}") = "Common", "Common", "{6221F418-BFEE-488C-AB42-C1A27165E06F}"
EndProject
Project("{FAE04EC0-301F-11D3-BF4B-00C04F79EFBC}") = "CommonLib", "..\Common\CommonLib\CommonLib.csproj", "{AC1F34D4-D52D-42E5-B34B-35B9814659E6}"
EndProject
Global
	GlobalSection(SolutionConfigurationPlatforms) = preSolution
		Debug|Any CPU = Debug|Any CPU
		Release|Any CPU = Release|Any CPU
	EndGlobalSection
	GlobalSection(ProjectConfigurationPlatforms) = postSolution
		{453DFDF7-E5DD-472D-958F-06A37D6AAE8D}.Debug|Any CPU.ActiveCfg = Debug|Any CPU
		{453DFDF7-E5DD-472D-958F-06A37D6AAE8D}.Debug|Any CPU.Build.0 = Debug|Any CPU
		{453DFDF7-E5DD-472D-958F-06A37D6AAE8D}.Release|Any CPU.ActiveCfg = Release|Any CPU
		{453DFDF7-E5DD-472D-958F-06A37D6AAE8D}.Release|Any CPU.Build.0 = Release|Any CPU
		{6BFA8BDC-D470-4458-AB37-E72415A7F0C0}.Debug|Any CPU.ActiveCfg = Debug|Any CPU
		{6BFA8BDC-D470-4458-AB37-E72415A7F0C0}.Debug|Any CPU.Build.0 = Debug|Any CPU
		{6BFA8BDC-D470-4458-AB37-E72415A7F0C0}.Release|Any CPU.ActiveCfg = Release|Any CPU
		{6BFA8BDC-D470-4458-AB37-E72415A7F0C0}.Release|Any CPU.Build.0 = Release|Any CPU
		{1FFA5502-1516-47A3-8E7E-F52693FCA5AE}.Debug|Any CPU.ActiveCfg = Debug|Any CPU
		{1FFA5502-1516-47A3-8E7E-F52693FCA5AE}.Debug|Any CPU.Build.0 = Debug|Any CPU
		{1FFA5502-1516-47A3-8E7E-F52693FCA5AE}.Release|Any CPU.ActiveCfg = Release|Any CPU
		{1FFA5502-1516-47A3-8E7E-F52693FCA5AE}.Release|Any CPU.Build.0 = Release|Any CPU
		{AC1F34D4-D52D-42E5-B34B-35B9814659E6}.Debug|Any CPU.ActiveCfg = Debug|Any CPU
		{AC1F34D4-D52D-42E5-B34B-35B9814659E6}.Debug|Any CPU.Build.0 = Debug|Any CPU
		{AC1F34D4-D52D-42E5-B34B-35B9814659E6}.Release|Any CPU.ActiveCfg = Release|Any CPU
		{AC1F34D4-D52D-42E5-B34B-35B9814659E6}.Release|Any CPU.Build.0 = Release|Any CPU
	EndGlobalSection
	GlobalSection(SolutionProperties) = preSolution
		HideSolutionNode = FALSE
	EndGlobalSection
	GlobalSection(NestedProjects) = preSolution
		{B96AB86E-07F8-4354-AC20-C9BB54689C10} = {7258D355-0B9D-458B-9D28-6D5E31D5FC44}
		{453DFDF7-E5DD-472D-958F-06A37D6AAE8D} = {B96AB86E-07F8-4354-AC20-C9BB54689C10}
		{EE583A3E-90E5-4E0B-84AA-413548543B59} = {7258D355-0B9D-458B-9D28-6D5E31D5FC44}
		{6BFA8BDC-D470-4458-AB37-E72415A7F0C0} = {EE583A3E-90E5-4E0B-84AA-413548543B59}
		{41E13CAF-42EA-49CE-ADE1-9847E74DE4E6} = {7258D355-0B9D-458B-9D28-6D5E31D5FC44}
		{1FFA5502-1516-47A3-8E7E-F52693FCA5AE} = {41E13CAF-42EA-49CE-ADE1-9847E74DE4E6}
		{AC1F34D4-D52D-42E5-B34B-35B9814659E6} = {6221F418-BFEE-488C-AB42-C1A27165E06F}
	EndGlobalSection
	GlobalSection(ExtensibilityGlobals) = postSolution
		SolutionGuid = {DC716B11-EDE0-45A5-B6C3-B739553677E4}
	EndGlobalSection
EndGlobal
